<?xml version="1.0" encoding="utf-8"?>
<Project ToolsVersion="4.0" xmlns="http://schemas.microsoft.com/developer/msbuild/2003">
  <ItemGroup>
    <Filter Include="Source Files">
      <UniqueIdentifier>{4FC737F1-C7A5-4376-A066-2A32D752A2FF}</UniqueIdentifier>
      <Extensions>cpp;c;cc;cxx;c++;cppm;ixx;def;odl;idl;hpj;bat;asm;asmx</Extensions>
    </Filter>
    <Filter Include="Header Files">
      <UniqueIdentifier>{93995380-89BD-4b04-88EB-625FBE52EBFB}</UniqueIdentifier>
      <Extensions>h;hh;hpp;hxx;h++;hm;inl;inc;ipp;xsd</Extensions>
    </Filter>
    <Filter Include="Resource Files">
      <UniqueIdentifier>{67DA6AB6-F800-4c08-8B7A-83BB121AAD01}</UniqueIdentifier>
      <Extensions>rc;ico;cur;bmp;dlg;rc2;rct;bin;rgs;gif;jpg;jpeg;jpe;resx;tiff;tif;png;wav;mfcribbon-ms</Extensions>
    </Filter>
    <Filter Include="Resource Files\Shaders">
      <UniqueIdentifier>{f35ced1b-b6d5-4777-8f81-6c92624ac5aa}</UniqueIdentifier>
    </Filter>
    <Filter Include="Resource Files\Textures">
      <UniqueIdentifier>{f7f7aca2-a733-482b-9bab-7709edf34f4b}</UniqueIdentifier>
    </Filter>
    <Filter Include="Resource Files\Models">
      <UniqueIdentifier>{858fadf2-baa5-4821-8cfd-faaf3c2d50ef}</UniqueIdentifier>
    </Filter>
    <Filter Include="Resource Files\Models\model2">
      <UniqueIdentifier>{4039c02a-8e44-4c1f-8ce1-8e2cfff55518}</UniqueIdentifier>
    </Filter>
    <Filter Include="Header Files\camera_component">
      <UniqueIdentifier>{2ec70fb3-0ca3-4762-8eeb-482ab685af96}</UniqueIdentifier>
    </Filter>
    <Filter Include="Header Files\systems">
      <UniqueIdentifier>{893de2c5-61cb-43d0-b96b-f109fa20be5f}</UniqueIdentifier>
    </Filter>
  </ItemGroup>
  <ItemGroup>
    <ClCompile Include="glad.c">
      <Filter>Source Files</Filter>
    </ClCompile>
    <ClCompile Include="Main.cpp">
      <Filter>Source Files</Filter>
    </ClCompile>
    <ClCompile Include="shaderClass.cpp">
      <Filter>Source Files</Filter>
    </ClCompile>
    <ClCompile Include="VBO.cpp">
      <Filter>Source Files</Filter>
    </ClCompile>
    <ClCompile Include="EBO.cpp">
      <Filter>Source Files</Filter>
    </ClCompile>
    <ClCompile Include="VAO.cpp">
      <Filter>Source Files</Filter>
    </ClCompile>
    <ClCompile Include="stb.cpp">
      <Filter>Source Files</Filter>
    </ClCompile>
    <ClCompile Include="linearAlgebra.cpp">
      <Filter>Source Files</Filter>
    </ClCompile>
    <ClCompile Include="triangle.cpp">
      <Filter>Source Files</Filter>
    </ClCompile>
    <ClCompile Include="material.cpp">
      <Filter>Source Files</Filter>
    </ClCompile>
    <ClCompile Include="Texture.cpp">
      <Filter>Source Files</Filter>
    </ClCompile>
    <ClCompile Include="Camera.cpp">
      <Filter>Source Files</Filter>
    </ClCompile>
    <ClCompile Include="Mesh.cpp">
      <Filter>Source Files</Filter>
    </ClCompile>
    <ClCompile Include="Model.cpp">
      <Filter>Source Files</Filter>
    </ClCompile>
    <ClCompile Include="app.cpp">
      <Filter>Source Files</Filter>
    </ClCompile>
    <ClCompile Include="camera_system.cpp">
      <Filter>Source Files</Filter>
    </ClCompile>
    <ClCompile Include="motion_system.cpp">
      <Filter>Source Files</Filter>
    </ClCompile>
    <ClCompile Include="render_system.cpp">
      <Filter>Source Files</Filter>
    </ClCompile>
    <ClCompile Include="OBJLoader.cpp">
      <Filter>Source Files</Filter>
    </ClCompile>
  </ItemGroup>
  <ItemGroup>
    <None Include="default.vert">
      <Filter>Resource Files\Shaders</Filter>
    </None>
    <None Include="default.frag">
      <Filter>Resource Files\Shaders</Filter>
    </None>
    <None Include="light.vert">
      <Filter>Resource Files\Shaders</Filter>
    </None>
    <None Include="light.frag">
      <Filter>Resource Files\Shaders</Filter>
    </None>
    <None Include="..\scene.bin">
      <Filter>Resource Files\Models\model2</Filter>
    </None>
    <None Include="..\scene.gltf">
      <Filter>Resource Files\Models\model2</Filter>
    </None>
  </ItemGroup>
  <ItemGroup>
    <ClInclude Include="shaderClass.h">
      <Filter>Header Files</Filter>
    </ClInclude>
    <ClInclude Include="VBO.h">
      <Filter>Header Files</Filter>
    </ClInclude>
    <ClInclude Include="EBO.h">
      <Filter>Header Files</Filter>
    </ClInclude>
    <ClInclude Include="VAO.h">
      <Filter>Header Files</Filter>
    </ClInclude>
    <ClInclude Include="stb_image.h">
      <Filter>Header Files</Filter>
    </ClInclude>
    <ClInclude Include="Maths.h">
      <Filter>Header Files</Filter>
    </ClInclude>
    <ClInclude Include="triangle_mesh.h">
      <Filter>Header Files</Filter>
    </ClInclude>
    <ClInclude Include="Material.h">
      <Filter>Header Files</Filter>
    </ClInclude>
    <ClInclude Include="Texture.h">
      <Filter>Header Files</Filter>
    </ClInclude>
    <ClInclude Include="Camera.h">
      <Filter>Header Files</Filter>
    </ClInclude>
    <ClInclude Include="Mesh.h">
      <Filter>Header Files</Filter>
    </ClInclude>
    <ClInclude Include="Model.h">
      <Filter>Header Files</Filter>
    </ClInclude>
    <ClInclude Include="Libraries\include\json\json.h">
      <Filter>Header Files</Filter>
    </ClInclude>
    <ClInclude Include="linear_algebra.h">
      <Filter>Header Files</Filter>
    </ClInclude>
    <ClInclude Include="camera_components.h">
      <Filter>Header Files\camera_component</Filter>
    </ClInclude>
    <ClInclude Include="physics_components.h">
      <Filter>Header Files\camera_component</Filter>
    </ClInclude>
    <ClInclude Include="render_components.h">
      <Filter>Header Files\camera_component</Filter>
    </ClInclude>
    <ClInclude Include="transform_components.h">
      <Filter>Header Files\camera_component</Filter>
    </ClInclude>
    <ClInclude Include="app.h">
      <Filter>Header Files</Filter>
    </ClInclude>
    <ClInclude Include="camera_system.h">
      <Filter>Header Files\systems</Filter>
    </ClInclude>
    <ClInclude Include="motion_system.h">
      <Filter>Header Files\systems</Filter>
    </ClInclude>
    <ClInclude Include="render_system.h">
      <Filter>Header Files\systems</Filter>
    </ClInclude>
    <ClInclude Include="OBJLoader.h">
      <Filter>Header Files</Filter>
    </ClInclude>
  </ItemGroup>
  <ItemGroup>
    <Image Include="C:\Users\Asus\Desktop\Img.png">
      <Filter>Resource Files\Textures</Filter>
    </Image>
    <Image Include="brick.png">
      <Filter>Source Files</Filter>
    </Image>
    <Image Include="floor.png">
      <Filter>Source Files</Filter>
    </Image>
    <Image Include="..\mask.jpeg">
      <Filter>Resource Files\Models\model2</Filter>
    </Image>
    <Image Include="image.jpeg">
      <Filter>Resource Files\Textures</Filter>
    </Image>
    <Image Include="mask.jpeg">
      <Filter>Resource Files\Textures</Filter>
    </Image>
    <Image Include="paper.jpg">
      <Filter>Source Files</Filter>
    </Image>
  </ItemGroup>
  <ItemGroup>
    <Text Include="..\license.txt">
      <Filter>Resource Files\Models\model2</Filter>
    </Text>
    <Text Include="cube2.txt" />
  </ItemGroup>
</Project>